// !$*UTF8*$!
{
	archiveVersion = 1;
	classes = {
	};
	objectVersion = 48;
	objects = {

/* Begin PBXBuildFile section */
		845A58091FC6CF8500E1FBBB /* AppDelegate.m in Sources */ = {isa = PBXBuildFile; fileRef = 845A58081FC6CF8500E1FBBB /* AppDelegate.m */; };
		845A580C1FC6CF8600E1FBBB /* ViewController.m in Sources */ = {isa = PBXBuildFile; fileRef = 845A580B1FC6CF8600E1FBBB /* ViewController.m */; };
		845A580F1FC6CF8600E1FBBB /* Main.storyboard in Resources */ = {isa = PBXBuildFile; fileRef = 845A580D1FC6CF8600E1FBBB /* Main.storyboard */; };
		845A58111FC6CF8600E1FBBB /* Assets.xcassets in Resources */ = {isa = PBXBuildFile; fileRef = 845A58101FC6CF8600E1FBBB /* Assets.xcassets */; };
		845A58141FC6CF8600E1FBBB /* LaunchScreen.storyboard in Resources */ = {isa = PBXBuildFile; fileRef = 845A58121FC6CF8600E1FBBB /* LaunchScreen.storyboard */; };
		845A58171FC6CF8600E1FBBB /* main.m in Sources */ = {isa = PBXBuildFile; fileRef = 845A58161FC6CF8600E1FBBB /* main.m */; };
		84BC984E1FC7AF2800F9D9BA /* UIImage+JFExtension.m in Sources */ = {isa = PBXBuildFile; fileRef = 84BC97FF1FC7AEC700F9D9BA /* UIImage+JFExtension.m */; };
		84BC984F1FC7AF2800F9D9BA /* UIColor+JFExtension.m in Sources */ = {isa = PBXBuildFile; fileRef = 84BC98001FC7AEC700F9D9BA /* UIColor+JFExtension.m */; };
		84BC98501FC7AF2800F9D9BA /* UIFont+JFExtension.m in Sources */ = {isa = PBXBuildFile; fileRef = 84BC98011FC7AEC700F9D9BA /* UIFont+JFExtension.m */; };
		84BC98511FC7AF2800F9D9BA /* UITableViewCell+JFBaseExtension.m in Sources */ = {isa = PBXBuildFile; fileRef = 84BC98061FC7AEC700F9D9BA /* UITableViewCell+JFBaseExtension.m */; };
		84BC98521FC7AF2800F9D9BA /* UIImageView+JFBaseExtension.m in Sources */ = {isa = PBXBuildFile; fileRef = 84BC980A1FC7AEC700F9D9BA /* UIImageView+JFBaseExtension.m */; };
		84BC98531FC7AF2800F9D9BA /* UILabel+JFBaseExtension.m in Sources */ = {isa = PBXBuildFile; fileRef = 84BC980C1FC7AEC700F9D9BA /* UILabel+JFBaseExtension.m */; };
		84BC98541FC7AF2800F9D9BA /* UITableView+JFBaseExtension.m in Sources */ = {isa = PBXBuildFile; fileRef = 84BC980E1FC7AEC700F9D9BA /* UITableView+JFBaseExtension.m */; };
		84BC98551FC7AF2800F9D9BA /* UITextField+JFBaseExtension.m in Sources */ = {isa = PBXBuildFile; fileRef = 84BC980F1FC7AEC700F9D9BA /* UITextField+JFBaseExtension.m */; };
		84BC98561FC7AF2800F9D9BA /* UIButton+JFBaseExtension.m in Sources */ = {isa = PBXBuildFile; fileRef = 84BC98111FC7AEC700F9D9BA /* UIButton+JFBaseExtension.m */; };
		84BC98571FC7AF2800F9D9BA /* UICollectionViewCell+JFBaseExtension.m in Sources */ = {isa = PBXBuildFile; fileRef = 84BC98131FC7AEC700F9D9BA /* UICollectionViewCell+JFBaseExtension.m */; };
		84BC98581FC7AF2800F9D9BA /* UICollectionView+JFBaseExtension.m in Sources */ = {isa = PBXBuildFile; fileRef = 84BC98141FC7AEC700F9D9BA /* UICollectionView+JFBaseExtension.m */; };
		84BC98591FC7AF2800F9D9BA /* UILabel+JFExtension.m in Sources */ = {isa = PBXBuildFile; fileRef = 84BC98171FC7AEC700F9D9BA /* UILabel+JFExtension.m */; };
		84BC985A1FC7AF2800F9D9BA /* UIButton+JFExtension.m in Sources */ = {isa = PBXBuildFile; fileRef = 84BC981B1FC7AEC700F9D9BA /* UIButton+JFExtension.m */; };
		84BC985B1FC7AF2800F9D9BA /* UIView+JFExtension.m in Sources */ = {isa = PBXBuildFile; fileRef = 84BC98201FC7AEC700F9D9BA /* UIView+JFExtension.m */; };
		84BC985C1FC7AF2800F9D9BA /* UICollectionViewCell+JFExtension.m in Sources */ = {isa = PBXBuildFile; fileRef = 84BC98271FC7AEC700F9D9BA /* UICollectionViewCell+JFExtension.m */; };
		84BC985D1FC7AF2800F9D9BA /* UICollectionViewFlowLayout+JFExtension.m in Sources */ = {isa = PBXBuildFile; fileRef = 84BC982B1FC7AEC700F9D9BA /* UICollectionViewFlowLayout+JFExtension.m */; };
		84BC985E1FC7AF2800F9D9BA /* UICollectionView+JFExtension.m in Sources */ = {isa = PBXBuildFile; fileRef = 84BC982C1FC7AEC700F9D9BA /* UICollectionView+JFExtension.m */; };
		84BC985F1FC7AF2800F9D9BA /* UIImageView+JFExtension.m in Sources */ = {isa = PBXBuildFile; fileRef = 84BC98311FC7AEC700F9D9BA /* UIImageView+JFExtension.m */; };
		84BC98601FC7AF2800F9D9BA /* UITableViewCell+JFExtension.m in Sources */ = {isa = PBXBuildFile; fileRef = 84BC98361FC7AEC700F9D9BA /* UITableViewCell+JFExtension.m */; };
		84BC98611FC7AF2800F9D9BA /* UITableView+JFExtension.m in Sources */ = {isa = PBXBuildFile; fileRef = 84BC98381FC7AEC700F9D9BA /* UITableView+JFExtension.m */; };
		84BC98621FC7AF2800F9D9BA /* UITextField+JFExtension.m in Sources */ = {isa = PBXBuildFile; fileRef = 84BC983C1FC7AEC700F9D9BA /* UITextField+JFExtension.m */; };
		84BC98631FC7AF2800F9D9BA /* JFBlockInvocation.m in Sources */ = {isa = PBXBuildFile; fileRef = 84BC98421FC7AEC700F9D9BA /* JFBlockInvocation.m */; };
		84BC98641FC7AF2800F9D9BA /* JFMethod.m in Sources */ = {isa = PBXBuildFile; fileRef = 84BC98441FC7AEC700F9D9BA /* JFMethod.m */; };
		84BC98651FC7AF2800F9D9BA /* JFRuntimeClassTool.m in Sources */ = {isa = PBXBuildFile; fileRef = 84BC98451FC7AEC700F9D9BA /* JFRuntimeClassTool.m */; };
		84BC98661FC7AF2800F9D9BA /* JFTableViewProxy.m in Sources */ = {isa = PBXBuildFile; fileRef = 84BC984A1FC7AEC700F9D9BA /* JFTableViewProxy.m */; };
		84BC98671FC7AF2800F9D9BA /* JFBaseProxy.m in Sources */ = {isa = PBXBuildFile; fileRef = 84BC984B1FC7AEC700F9D9BA /* JFBaseProxy.m */; };
		84BC98681FC7AF2800F9D9BA /* JFTextFieldProxy.m in Sources */ = {isa = PBXBuildFile; fileRef = 84BC984C1FC7AEC700F9D9BA /* JFTextFieldProxy.m */; };
		84BC98691FC7AF2800F9D9BA /* JFCollectionViewProxy.m in Sources */ = {isa = PBXBuildFile; fileRef = 84BC984D1FC7AEC700F9D9BA /* JFCollectionViewProxy.m */; };
		84DA986C1FC6D3BE00E68D87 /* UIImageViewDemo.m in Sources */ = {isa = PBXBuildFile; fileRef = 845A58711FC6CFB100E1FBBB /* UIImageViewDemo.m */; };
		84DA986D1FC6D3BE00E68D87 /* UITextFieldDemo.m in Sources */ = {isa = PBXBuildFile; fileRef = 845A58741FC6CFB100E1FBBB /* UITextFieldDemo.m */; };
		84DA986E1FC6D3BE00E68D87 /* UILabelDemo.m in Sources */ = {isa = PBXBuildFile; fileRef = 845A58771FC6CFB100E1FBBB /* UILabelDemo.m */; };
		84DA986F1FC6D3BE00E68D87 /* UIViewDemo.m in Sources */ = {isa = PBXBuildFile; fileRef = 845A587B1FC6CFB100E1FBBB /* UIViewDemo.m */; };
		84DA98701FC6D3BE00E68D87 /* UIButtonDemo.m in Sources */ = {isa = PBXBuildFile; fileRef = 845A587D1FC6CFB100E1FBBB /* UIButtonDemo.m */; };
		84DA98711FC6D3BE00E68D87 /* UITableViewDemo.m in Sources */ = {isa = PBXBuildFile; fileRef = 845A58811FC6CFB100E1FBBB /* UITableViewDemo.m */; };
		84DA98721FC6D3BE00E68D87 /* UITableViewCellModel.m in Sources */ = {isa = PBXBuildFile; fileRef = 845A58821FC6CFB100E1FBBB /* UITableViewCellModel.m */; };
		84DA98731FC6D3BE00E68D87 /* UITableViewDemoCell.m in Sources */ = {isa = PBXBuildFile; fileRef = 845A58841FC6CFB100E1FBBB /* UITableViewDemoCell.m */; };
		84DA98741FC6D3BE00E68D87 /* UICollectionViewDemo.m in Sources */ = {isa = PBXBuildFile; fileRef = 845A58871FC6CFB100E1FBBB /* UICollectionViewDemo.m */; };
		84DA98751FC6D3BE00E68D87 /* UICollectionViewDemoHeaderView.m in Sources */ = {isa = PBXBuildFile; fileRef = 845A58881FC6CFB100E1FBBB /* UICollectionViewDemoHeaderView.m */; };
		84DA98761FC6D3BE00E68D87 /* UICollectionViewDemoCell.m in Sources */ = {isa = PBXBuildFile; fileRef = 845A588C1FC6CFB100E1FBBB /* UICollectionViewDemoCell.m */; };
/* End PBXBuildFile section */

/* Begin PBXFileReference section */
		845A58041FC6CF8500E1FBBB /* JFUIExtensionDemo.app */ = {isa = PBXFileReference; explicitFileType = wrapper.application; includeInIndex = 0; path = JFUIExtensionDemo.app; sourceTree = BUILT_PRODUCTS_DIR; };
		845A58071FC6CF8500E1FBBB /* AppDelegate.h */ = {isa = PBXFileReference; lastKnownFileType = sourcecode.c.h; path = AppDelegate.h; sourceTree = "<group>"; };
		845A58081FC6CF8500E1FBBB /* AppDelegate.m */ = {isa = PBXFileReference; lastKnownFileType = sourcecode.c.objc; path = AppDelegate.m; sourceTree = "<group>"; };
		845A580A1FC6CF8500E1FBBB /* ViewController.h */ = {isa = PBXFileReference; lastKnownFileType = sourcecode.c.h; path = ViewController.h; sourceTree = "<group>"; };
		845A580B1FC6CF8600E1FBBB /* ViewController.m */ = {isa = PBXFileReference; lastKnownFileType = sourcecode.c.objc; path = ViewController.m; sourceTree = "<group>"; };
		845A580E1FC6CF8600E1FBBB /* Base */ = {isa = PBXFileReference; lastKnownFileType = file.storyboard; name = Base; path = Base.lproj/Main.storyboard; sourceTree = "<group>"; };
		845A58101FC6CF8600E1FBBB /* Assets.xcassets */ = {isa = PBXFileReference; lastKnownFileType = folder.assetcatalog; path = Assets.xcassets; sourceTree = "<group>"; };
		845A58131FC6CF8600E1FBBB /* Base */ = {isa = PBXFileReference; lastKnownFileType = file.storyboard; name = Base; path = Base.lproj/LaunchScreen.storyboard; sourceTree = "<group>"; };
		845A58151FC6CF8600E1FBBB /* Info.plist */ = {isa = PBXFileReference; lastKnownFileType = text.plist.xml; path = Info.plist; sourceTree = "<group>"; };
		845A58161FC6CF8600E1FBBB /* main.m */ = {isa = PBXFileReference; lastKnownFileType = sourcecode.c.objc; path = main.m; sourceTree = "<group>"; };
		845A58711FC6CFB100E1FBBB /* UIImageViewDemo.m */ = {isa = PBXFileReference; lastKnownFileType = sourcecode.c.objc; path = UIImageViewDemo.m; sourceTree = "<group>"; };
		845A58721FC6CFB100E1FBBB /* UIImageViewDemo.h */ = {isa = PBXFileReference; lastKnownFileType = sourcecode.c.h; path = UIImageViewDemo.h; sourceTree = "<group>"; };
		845A58741FC6CFB100E1FBBB /* UITextFieldDemo.m */ = {isa = PBXFileReference; lastKnownFileType = sourcecode.c.objc; path = UITextFieldDemo.m; sourceTree = "<group>"; };
		845A58751FC6CFB100E1FBBB /* UITextFieldDemo.h */ = {isa = PBXFileReference; lastKnownFileType = sourcecode.c.h; path = UITextFieldDemo.h; sourceTree = "<group>"; };
		845A58771FC6CFB100E1FBBB /* UILabelDemo.m */ = {isa = PBXFileReference; lastKnownFileType = sourcecode.c.objc; path = UILabelDemo.m; sourceTree = "<group>"; };
		845A58781FC6CFB100E1FBBB /* UILabelDemo.h */ = {isa = PBXFileReference; lastKnownFileType = sourcecode.c.h; path = UILabelDemo.h; sourceTree = "<group>"; };
		845A587A1FC6CFB100E1FBBB /* UIViewDemo.h */ = {isa = PBXFileReference; lastKnownFileType = sourcecode.c.h; path = UIViewDemo.h; sourceTree = "<group>"; };
		845A587B1FC6CFB100E1FBBB /* UIViewDemo.m */ = {isa = PBXFileReference; lastKnownFileType = sourcecode.c.objc; path = UIViewDemo.m; sourceTree = "<group>"; };
		845A587D1FC6CFB100E1FBBB /* UIButtonDemo.m */ = {isa = PBXFileReference; lastKnownFileType = sourcecode.c.objc; path = UIButtonDemo.m; sourceTree = "<group>"; };
		845A587E1FC6CFB100E1FBBB /* UIButtonDemo.h */ = {isa = PBXFileReference; lastKnownFileType = sourcecode.c.h; path = UIButtonDemo.h; sourceTree = "<group>"; };
		845A58801FC6CFB100E1FBBB /* UITableViewDemoCell.h */ = {isa = PBXFileReference; lastKnownFileType = sourcecode.c.h; path = UITableViewDemoCell.h; sourceTree = "<group>"; };
		845A58811FC6CFB100E1FBBB /* UITableViewDemo.m */ = {isa = PBXFileReference; lastKnownFileType = sourcecode.c.objc; path = UITableViewDemo.m; sourceTree = "<group>"; };
		845A58821FC6CFB100E1FBBB /* UITableViewCellModel.m */ = {isa = PBXFileReference; lastKnownFileType = sourcecode.c.objc; path = UITableViewCellModel.m; sourceTree = "<group>"; };
		845A58831FC6CFB100E1FBBB /* UITableViewDemo.h */ = {isa = PBXFileReference; lastKnownFileType = sourcecode.c.h; path = UITableViewDemo.h; sourceTree = "<group>"; };
		845A58841FC6CFB100E1FBBB /* UITableViewDemoCell.m */ = {isa = PBXFileReference; lastKnownFileType = sourcecode.c.objc; path = UITableViewDemoCell.m; sourceTree = "<group>"; };
		845A58851FC6CFB100E1FBBB /* UITableViewCellModel.h */ = {isa = PBXFileReference; lastKnownFileType = sourcecode.c.h; path = UITableViewCellModel.h; sourceTree = "<group>"; };
		845A58871FC6CFB100E1FBBB /* UICollectionViewDemo.m */ = {isa = PBXFileReference; lastKnownFileType = sourcecode.c.objc; path = UICollectionViewDemo.m; sourceTree = "<group>"; };
		845A58881FC6CFB100E1FBBB /* UICollectionViewDemoHeaderView.m */ = {isa = PBXFileReference; lastKnownFileType = sourcecode.c.objc; path = UICollectionViewDemoHeaderView.m; sourceTree = "<group>"; };
		845A58891FC6CFB100E1FBBB /* UICollectionViewDemoCell.h */ = {isa = PBXFileReference; lastKnownFileType = sourcecode.c.h; path = UICollectionViewDemoCell.h; sourceTree = "<group>"; };
		845A588A1FC6CFB100E1FBBB /* UICollectionViewDemo.h */ = {isa = PBXFileReference; lastKnownFileType = sourcecode.c.h; path = UICollectionViewDemo.h; sourceTree = "<group>"; };
		845A588B1FC6CFB100E1FBBB /* UICollectionViewDemoHeaderView.h */ = {isa = PBXFileReference; lastKnownFileType = sourcecode.c.h; path = UICollectionViewDemoHeaderView.h; sourceTree = "<group>"; };
		845A588C1FC6CFB100E1FBBB /* UICollectionViewDemoCell.m */ = {isa = PBXFileReference; lastKnownFileType = sourcecode.c.objc; path = UICollectionViewDemoCell.m; sourceTree = "<group>"; };
		84BC97FE1FC7AEC700F9D9BA /* UIFont+JFExtension.h */ = {isa = PBXFileReference; lastKnownFileType = sourcecode.c.h; path = "UIFont+JFExtension.h"; sourceTree = "<group>"; };
		84BC97FF1FC7AEC700F9D9BA /* UIImage+JFExtension.m */ = {isa = PBXFileReference; lastKnownFileType = sourcecode.c.objc; path = "UIImage+JFExtension.m"; sourceTree = "<group>"; };
		84BC98001FC7AEC700F9D9BA /* UIColor+JFExtension.m */ = {isa = PBXFileReference; lastKnownFileType = sourcecode.c.objc; path = "UIColor+JFExtension.m"; sourceTree = "<group>"; };
		84BC98011FC7AEC700F9D9BA /* UIFont+JFExtension.m */ = {isa = PBXFileReference; lastKnownFileType = sourcecode.c.objc; path = "UIFont+JFExtension.m"; sourceTree = "<group>"; };
		84BC98021FC7AEC700F9D9BA /* UIColor+JFExtension.h */ = {isa = PBXFileReference; lastKnownFileType = sourcecode.c.h; path = "UIColor+JFExtension.h"; sourceTree = "<group>"; };
		84BC98031FC7AEC700F9D9BA /* UIImage+JFExtension.h */ = {isa = PBXFileReference; lastKnownFileType = sourcecode.c.h; path = "UIImage+JFExtension.h"; sourceTree = "<group>"; };
		84BC98051FC7AEC700F9D9BA /* UITableView+JFBaseExtension.h */ = {isa = PBXFileReference; lastKnownFileType = sourcecode.c.h; path = "UITableView+JFBaseExtension.h"; sourceTree = "<group>"; };
		84BC98061FC7AEC700F9D9BA /* UITableViewCell+JFBaseExtension.m */ = {isa = PBXFileReference; lastKnownFileType = sourcecode.c.objc; path = "UITableViewCell+JFBaseExtension.m"; sourceTree = "<group>"; };
		84BC98071FC7AEC700F9D9BA /* UITextField+JFBaseExtension.h */ = {isa = PBXFileReference; lastKnownFileType = sourcecode.c.h; path = "UITextField+JFBaseExtension.h"; sourceTree = "<group>"; };
		84BC98081FC7AEC700F9D9BA /* UICollectionViewCell+JFBaseExtension.h */ = {isa = PBXFileReference; lastKnownFileType = sourcecode.c.h; path = "UICollectionViewCell+JFBaseExtension.h"; sourceTree = "<group>"; };
		84BC98091FC7AEC700F9D9BA /* UICollectionView+JFBaseExtension.h */ = {isa = PBXFileReference; lastKnownFileType = sourcecode.c.h; path = "UICollectionView+JFBaseExtension.h"; sourceTree = "<group>"; };
		84BC980A1FC7AEC700F9D9BA /* UIImageView+JFBaseExtension.m */ = {isa = PBXFileReference; lastKnownFileType = sourcecode.c.objc; path = "UIImageView+JFBaseExtension.m"; sourceTree = "<group>"; };
		84BC980B1FC7AEC700F9D9BA /* UIButton+JFBaseExtension.h */ = {isa = PBXFileReference; lastKnownFileType = sourcecode.c.h; path = "UIButton+JFBaseExtension.h"; sourceTree = "<group>"; };
		84BC980C1FC7AEC700F9D9BA /* UILabel+JFBaseExtension.m */ = {isa = PBXFileReference; lastKnownFileType = sourcecode.c.objc; path = "UILabel+JFBaseExtension.m"; sourceTree = "<group>"; };
		84BC980D1FC7AEC700F9D9BA /* UITableViewCell+JFBaseExtension.h */ = {isa = PBXFileReference; lastKnownFileType = sourcecode.c.h; path = "UITableViewCell+JFBaseExtension.h"; sourceTree = "<group>"; };
		84BC980E1FC7AEC700F9D9BA /* UITableView+JFBaseExtension.m */ = {isa = PBXFileReference; lastKnownFileType = sourcecode.c.objc; path = "UITableView+JFBaseExtension.m"; sourceTree = "<group>"; };
		84BC980F1FC7AEC700F9D9BA /* UITextField+JFBaseExtension.m */ = {isa = PBXFileReference; lastKnownFileType = sourcecode.c.objc; path = "UITextField+JFBaseExtension.m"; sourceTree = "<group>"; };
		84BC98101FC7AEC700F9D9BA /* UILabel+JFBaseExtension.h */ = {isa = PBXFileReference; lastKnownFileType = sourcecode.c.h; path = "UILabel+JFBaseExtension.h"; sourceTree = "<group>"; };
		84BC98111FC7AEC700F9D9BA /* UIButton+JFBaseExtension.m */ = {isa = PBXFileReference; lastKnownFileType = sourcecode.c.objc; path = "UIButton+JFBaseExtension.m"; sourceTree = "<group>"; };
		84BC98121FC7AEC700F9D9BA /* UIImageView+JFBaseExtension.h */ = {isa = PBXFileReference; lastKnownFileType = sourcecode.c.h; path = "UIImageView+JFBaseExtension.h"; sourceTree = "<group>"; };
		84BC98131FC7AEC700F9D9BA /* UICollectionViewCell+JFBaseExtension.m */ = {isa = PBXFileReference; lastKnownFileType = sourcecode.c.objc; path = "UICollectionViewCell+JFBaseExtension.m"; sourceTree = "<group>"; };
		84BC98141FC7AEC700F9D9BA /* UICollectionView+JFBaseExtension.m */ = {isa = PBXFileReference; lastKnownFileType = sourcecode.c.objc; path = "UICollectionView+JFBaseExtension.m"; sourceTree = "<group>"; };
		84BC98171FC7AEC700F9D9BA /* UILabel+JFExtension.m */ = {isa = PBXFileReference; lastKnownFileType = sourcecode.c.objc; path = "UILabel+JFExtension.m"; sourceTree = "<group>"; };
		84BC98181FC7AEC700F9D9BA /* JFUILabelExtension.h */ = {isa = PBXFileReference; lastKnownFileType = sourcecode.c.h; path = JFUILabelExtension.h; sourceTree = "<group>"; };
		84BC98191FC7AEC700F9D9BA /* UILabel+JFExtension.h */ = {isa = PBXFileReference; lastKnownFileType = sourcecode.c.h; path = "UILabel+JFExtension.h"; sourceTree = "<group>"; };
		84BC981B1FC7AEC700F9D9BA /* UIButton+JFExtension.m */ = {isa = PBXFileReference; lastKnownFileType = sourcecode.c.objc; path = "UIButton+JFExtension.m"; sourceTree = "<group>"; };
		84BC981C1FC7AEC700F9D9BA /* UIButton+JFExtension.h */ = {isa = PBXFileReference; lastKnownFileType = sourcecode.c.h; path = "UIButton+JFExtension.h"; sourceTree = "<group>"; };
		84BC981D1FC7AEC700F9D9BA /* JFUIButtonExtension.h */ = {isa = PBXFileReference; lastKnownFileType = sourcecode.c.h; path = JFUIButtonExtension.h; sourceTree = "<group>"; };
		84BC981F1FC7AEC700F9D9BA /* UIView+JFExtension.h */ = {isa = PBXFileReference; lastKnownFileType = sourcecode.c.h; path = "UIView+JFExtension.h"; sourceTree = "<group>"; };
		84BC98201FC7AEC700F9D9BA /* UIView+JFExtension.m */ = {isa = PBXFileReference; lastKnownFileType = sourcecode.c.objc; path = "UIView+JFExtension.m"; sourceTree = "<group>"; };
		84BC98211FC7AEC700F9D9BA /* JFUIViewExtension.h */ = {isa = PBXFileReference; lastKnownFileType = sourcecode.c.h; path = JFUIViewExtension.h; sourceTree = "<group>"; };
		84BC98231FC7AEC700F9D9BA /* UICollectionView+JFExtension.h */ = {isa = PBXFileReference; lastKnownFileType = sourcecode.c.h; path = "UICollectionView+JFExtension.h"; sourceTree = "<group>"; };
		84BC98251FC7AEC700F9D9BA /* UICollectionViewCell+JFExtension.h */ = {isa = PBXFileReference; lastKnownFileType = sourcecode.c.h; path = "UICollectionViewCell+JFExtension.h"; sourceTree = "<group>"; };
		84BC98261FC7AEC700F9D9BA /* JFUICollectionViewCellExtension.h */ = {isa = PBXFileReference; lastKnownFileType = sourcecode.c.h; path = JFUICollectionViewCellExtension.h; sourceTree = "<group>"; };
		84BC98271FC7AEC700F9D9BA /* UICollectionViewCell+JFExtension.m */ = {isa = PBXFileReference; lastKnownFileType = sourcecode.c.objc; path = "UICollectionViewCell+JFExtension.m"; sourceTree = "<group>"; };
		84BC98291FC7AEC700F9D9BA /* UICollectionViewFlowLayout+JFExtension.h */ = {isa = PBXFileReference; lastKnownFileType = sourcecode.c.h; path = "UICollectionViewFlowLayout+JFExtension.h"; sourceTree = "<group>"; };
		84BC982A1FC7AEC700F9D9BA /* JFUICollectionViewFlowLayoutExtension.h */ = {isa = PBXFileReference; lastKnownFileType = sourcecode.c.h; path = JFUICollectionViewFlowLayoutExtension.h; sourceTree = "<group>"; };
		84BC982B1FC7AEC700F9D9BA /* UICollectionViewFlowLayout+JFExtension.m */ = {isa = PBXFileReference; lastKnownFileType = sourcecode.c.objc; path = "UICollectionViewFlowLayout+JFExtension.m"; sourceTree = "<group>"; };
		84BC982C1FC7AEC700F9D9BA /* UICollectionView+JFExtension.m */ = {isa = PBXFileReference; lastKnownFileType = sourcecode.c.objc; path = "UICollectionView+JFExtension.m"; sourceTree = "<group>"; };
		84BC982D1FC7AEC700F9D9BA /* JFUICollectionViewExtension.h */ = {isa = PBXFileReference; lastKnownFileType = sourcecode.c.h; path = JFUICollectionViewExtension.h; sourceTree = "<group>"; };
		84BC982F1FC7AEC700F9D9BA /* JFUIImageViewExtension.h */ = {isa = PBXFileReference; lastKnownFileType = sourcecode.c.h; path = JFUIImageViewExtension.h; sourceTree = "<group>"; };
		84BC98301FC7AEC700F9D9BA /* UIImageView+JFExtension.h */ = {isa = PBXFileReference; lastKnownFileType = sourcecode.c.h; path = "UIImageView+JFExtension.h"; sourceTree = "<group>"; };
		84BC98311FC7AEC700F9D9BA /* UIImageView+JFExtension.m */ = {isa = PBXFileReference; lastKnownFileType = sourcecode.c.objc; path = "UIImageView+JFExtension.m"; sourceTree = "<group>"; };
		84BC98341FC7AEC700F9D9BA /* UITableViewCell+JFExtension.h */ = {isa = PBXFileReference; lastKnownFileType = sourcecode.c.h; path = "UITableViewCell+JFExtension.h"; sourceTree = "<group>"; };
		84BC98351FC7AEC700F9D9BA /* JFUITableViewCellExtension.h */ = {isa = PBXFileReference; lastKnownFileType = sourcecode.c.h; path = JFUITableViewCellExtension.h; sourceTree = "<group>"; };
		84BC98361FC7AEC700F9D9BA /* UITableViewCell+JFExtension.m */ = {isa = PBXFileReference; lastKnownFileType = sourcecode.c.objc; path = "UITableViewCell+JFExtension.m"; sourceTree = "<group>"; };
		84BC98371FC7AEC700F9D9BA /* JFUITableViewExtension.h */ = {isa = PBXFileReference; lastKnownFileType = sourcecode.c.h; path = JFUITableViewExtension.h; sourceTree = "<group>"; };
		84BC98381FC7AEC700F9D9BA /* UITableView+JFExtension.m */ = {isa = PBXFileReference; lastKnownFileType = sourcecode.c.objc; path = "UITableView+JFExtension.m"; sourceTree = "<group>"; };
		84BC98391FC7AEC700F9D9BA /* UITableView+JFExtension.h */ = {isa = PBXFileReference; lastKnownFileType = sourcecode.c.h; path = "UITableView+JFExtension.h"; sourceTree = "<group>"; };
		84BC983B1FC7AEC700F9D9BA /* UITextField+JFExtension.h */ = {isa = PBXFileReference; lastKnownFileType = sourcecode.c.h; path = "UITextField+JFExtension.h"; sourceTree = "<group>"; };
		84BC983C1FC7AEC700F9D9BA /* UITextField+JFExtension.m */ = {isa = PBXFileReference; lastKnownFileType = sourcecode.c.objc; path = "UITextField+JFExtension.m"; sourceTree = "<group>"; };
		84BC983D1FC7AEC700F9D9BA /* JFUITextFieldExtension.h */ = {isa = PBXFileReference; lastKnownFileType = sourcecode.c.h; path = JFUITextFieldExtension.h; sourceTree = "<group>"; };
		84BC983F1FC7AEC700F9D9BA /* JFTableViewProxy.h */ = {isa = PBXFileReference; lastKnownFileType = sourcecode.c.h; path = JFTableViewProxy.h; sourceTree = "<group>"; };
		84BC98401FC7AEC700F9D9BA /* JFCollectionViewProxy.h */ = {isa = PBXFileReference; lastKnownFileType = sourcecode.c.h; path = JFCollectionViewProxy.h; sourceTree = "<group>"; };
		84BC98421FC7AEC700F9D9BA /* JFBlockInvocation.m */ = {isa = PBXFileReference; lastKnownFileType = sourcecode.c.objc; path = JFBlockInvocation.m; sourceTree = "<group>"; };
		84BC98431FC7AEC700F9D9BA /* JFRuntimeClassTool.h */ = {isa = PBXFileReference; lastKnownFileType = sourcecode.c.h; path = JFRuntimeClassTool.h; sourceTree = "<group>"; };
		84BC98441FC7AEC700F9D9BA /* JFMethod.m */ = {isa = PBXFileReference; lastKnownFileType = sourcecode.c.objc; path = JFMethod.m; sourceTree = "<group>"; };
		84BC98451FC7AEC700F9D9BA /* JFRuntimeClassTool.m */ = {isa = PBXFileReference; lastKnownFileType = sourcecode.c.objc; path = JFRuntimeClassTool.m; sourceTree = "<group>"; };
		84BC98461FC7AEC700F9D9BA /* JFBlockInvocation.h */ = {isa = PBXFileReference; lastKnownFileType = sourcecode.c.h; path = JFBlockInvocation.h; sourceTree = "<group>"; };
		84BC98471FC7AEC700F9D9BA /* JFMethod.h */ = {isa = PBXFileReference; lastKnownFileType = sourcecode.c.h; path = JFMethod.h; sourceTree = "<group>"; };
		84BC98481FC7AEC700F9D9BA /* JFTextFieldProxy.h */ = {isa = PBXFileReference; lastKnownFileType = sourcecode.c.h; path = JFTextFieldProxy.h; sourceTree = "<group>"; };
		84BC98491FC7AEC700F9D9BA /* JFBaseProxy.h */ = {isa = PBXFileReference; lastKnownFileType = sourcecode.c.h; path = JFBaseProxy.h; sourceTree = "<group>"; };
		84BC984A1FC7AEC700F9D9BA /* JFTableViewProxy.m */ = {isa = PBXFileReference; lastKnownFileType = sourcecode.c.objc; path = JFTableViewProxy.m; sourceTree = "<group>"; };
		84BC984B1FC7AEC700F9D9BA /* JFBaseProxy.m */ = {isa = PBXFileReference; lastKnownFileType = sourcecode.c.objc; path = JFBaseProxy.m; sourceTree = "<group>"; };
		84BC984C1FC7AEC700F9D9BA /* JFTextFieldProxy.m */ = {isa = PBXFileReference; lastKnownFileType = sourcecode.c.objc; path = JFTextFieldProxy.m; sourceTree = "<group>"; };
		84BC984D1FC7AEC700F9D9BA /* JFCollectionViewProxy.m */ = {isa = PBXFileReference; lastKnownFileType = sourcecode.c.objc; path = JFCollectionViewProxy.m; sourceTree = "<group>"; };
/* End PBXFileReference section */

/* Begin PBXFrameworksBuildPhase section */
		845A58011FC6CF8500E1FBBB /* Frameworks */ = {
			isa = PBXFrameworksBuildPhase;
			buildActionMask = 2147483647;
			files = (
			);
			runOnlyForDeploymentPostprocessing = 0;
		};
/* End PBXFrameworksBuildPhase section */

/* Begin PBXGroup section */
		845A57FB1FC6CF8500E1FBBB = {
			isa = PBXGroup;
			children = (
				845A58061FC6CF8500E1FBBB /* JFUIExtensionDemo */,
				845A58051FC6CF8500E1FBBB /* Products */,
			);
			sourceTree = "<group>";
		};
		845A58051FC6CF8500E1FBBB /* Products */ = {
			isa = PBXGroup;
			children = (
				845A58041FC6CF8500E1FBBB /* JFUIExtensionDemo.app */,
			);
			name = Products;
			sourceTree = "<group>";
		};
		845A58061FC6CF8500E1FBBB /* JFUIExtensionDemo */ = {
			isa = PBXGroup;
			children = (
				84BC97FC1FC7AEC700F9D9BA /* JFUIExtension */,
				845A586F1FC6CFB100E1FBBB /* Example */,
				845A58071FC6CF8500E1FBBB /* AppDelegate.h */,
				845A58081FC6CF8500E1FBBB /* AppDelegate.m */,
				845A580A1FC6CF8500E1FBBB /* ViewController.h */,
				845A580B1FC6CF8600E1FBBB /* ViewController.m */,
				845A580D1FC6CF8600E1FBBB /* Main.storyboard */,
				845A58101FC6CF8600E1FBBB /* Assets.xcassets */,
				845A58121FC6CF8600E1FBBB /* LaunchScreen.storyboard */,
				845A58151FC6CF8600E1FBBB /* Info.plist */,
				845A58161FC6CF8600E1FBBB /* main.m */,
			);
			path = JFUIExtensionDemo;
			sourceTree = "<group>";
		};
		845A586F1FC6CFB100E1FBBB /* Example */ = {
			isa = PBXGroup;
			children = (
				845A58701FC6CFB100E1FBBB /* UIImageViewDemo */,
				845A58731FC6CFB100E1FBBB /* UITextFieldDemo */,
				845A58761FC6CFB100E1FBBB /* UIlabelDemo */,
				845A58791FC6CFB100E1FBBB /* UIViewDemo */,
				845A587C1FC6CFB100E1FBBB /* UIButtonDemo */,
				845A587F1FC6CFB100E1FBBB /* UITableViewDemo */,
				845A58861FC6CFB100E1FBBB /* UICollectionViewDemo */,
			);
			path = Example;
			sourceTree = "<group>";
		};
		845A58701FC6CFB100E1FBBB /* UIImageViewDemo */ = {
			isa = PBXGroup;
			children = (
				845A58721FC6CFB100E1FBBB /* UIImageViewDemo.h */,
				845A58711FC6CFB100E1FBBB /* UIImageViewDemo.m */,
			);
			path = UIImageViewDemo;
			sourceTree = "<group>";
		};
		845A58731FC6CFB100E1FBBB /* UITextFieldDemo */ = {
			isa = PBXGroup;
			children = (
				845A58751FC6CFB100E1FBBB /* UITextFieldDemo.h */,
				845A58741FC6CFB100E1FBBB /* UITextFieldDemo.m */,
			);
			path = UITextFieldDemo;
			sourceTree = "<group>";
		};
		845A58761FC6CFB100E1FBBB /* UIlabelDemo */ = {
			isa = PBXGroup;
			children = (
				845A58781FC6CFB100E1FBBB /* UILabelDemo.h */,
				845A58771FC6CFB100E1FBBB /* UILabelDemo.m */,
			);
			path = UIlabelDemo;
			sourceTree = "<group>";
		};
		845A58791FC6CFB100E1FBBB /* UIViewDemo */ = {
			isa = PBXGroup;
			children = (
				845A587A1FC6CFB100E1FBBB /* UIViewDemo.h */,
				845A587B1FC6CFB100E1FBBB /* UIViewDemo.m */,
			);
			path = UIViewDemo;
			sourceTree = "<group>";
		};
		845A587C1FC6CFB100E1FBBB /* UIButtonDemo */ = {
			isa = PBXGroup;
			children = (
				845A587E1FC6CFB100E1FBBB /* UIButtonDemo.h */,
				845A587D1FC6CFB100E1FBBB /* UIButtonDemo.m */,
			);
			path = UIButtonDemo;
			sourceTree = "<group>";
		};
		845A587F1FC6CFB100E1FBBB /* UITableViewDemo */ = {
			isa = PBXGroup;
			children = (
				845A58831FC6CFB100E1FBBB /* UITableViewDemo.h */,
				845A58811FC6CFB100E1FBBB /* UITableViewDemo.m */,
				845A58801FC6CFB100E1FBBB /* UITableViewDemoCell.h */,
				845A58841FC6CFB100E1FBBB /* UITableViewDemoCell.m */,
				845A58851FC6CFB100E1FBBB /* UITableViewCellModel.h */,
				845A58821FC6CFB100E1FBBB /* UITableViewCellModel.m */,
			);
			path = UITableViewDemo;
			sourceTree = "<group>";
		};
		845A58861FC6CFB100E1FBBB /* UICollectionViewDemo */ = {
			isa = PBXGroup;
			children = (
				845A588A1FC6CFB100E1FBBB /* UICollectionViewDemo.h */,
				845A58871FC6CFB100E1FBBB /* UICollectionViewDemo.m */,
				845A58891FC6CFB100E1FBBB /* UICollectionViewDemoCell.h */,
				845A588C1FC6CFB100E1FBBB /* UICollectionViewDemoCell.m */,
				845A588B1FC6CFB100E1FBBB /* UICollectionViewDemoHeaderView.h */,
				845A58881FC6CFB100E1FBBB /* UICollectionViewDemoHeaderView.m */,
			);
			path = UICollectionViewDemo;
			sourceTree = "<group>";
		};
		84BC97FC1FC7AEC700F9D9BA /* JFUIExtension */ = {
			isa = PBXGroup;
			children = (
				84BC97FD1FC7AEC700F9D9BA /* JFUIExtensionExtra */,
				84BC98041FC7AEC700F9D9BA /* JFUIExtensionBase */,
				84BC98151FC7AEC700F9D9BA /* JFUIExtensionCore */,
				84BC983E1FC7AEC700F9D9BA /* JFUIExtensionProxy */,
			);
			path = JFUIExtension;
			sourceTree = SOURCE_ROOT;
		};
		84BC97FD1FC7AEC700F9D9BA /* JFUIExtensionExtra */ = {
			isa = PBXGroup;
			children = (
				84BC97FE1FC7AEC700F9D9BA /* UIFont+JFExtension.h */,
				84BC98011FC7AEC700F9D9BA /* UIFont+JFExtension.m */,
				84BC98031FC7AEC700F9D9BA /* UIImage+JFExtension.h */,
				84BC97FF1FC7AEC700F9D9BA /* UIImage+JFExtension.m */,
				84BC98021FC7AEC700F9D9BA /* UIColor+JFExtension.h */,
				84BC98001FC7AEC700F9D9BA /* UIColor+JFExtension.m */,
			);
			path = JFUIExtensionExtra;
			sourceTree = "<group>";
		};
		84BC98041FC7AEC700F9D9BA /* JFUIExtensionBase */ = {
			isa = PBXGroup;
			children = (
				84BC98121FC7AEC700F9D9BA /* UIImageView+JFBaseExtension.h */,
				84BC980A1FC7AEC700F9D9BA /* UIImageView+JFBaseExtension.m */,
				84BC980B1FC7AEC700F9D9BA /* UIButton+JFBaseExtension.h */,
				84BC98111FC7AEC700F9D9BA /* UIButton+JFBaseExtension.m */,
				84BC98101FC7AEC700F9D9BA /* UILabel+JFBaseExtension.h */,
				84BC980C1FC7AEC700F9D9BA /* UILabel+JFBaseExtension.m */,
				84BC98071FC7AEC700F9D9BA /* UITextField+JFBaseExtension.h */,
				84BC980F1FC7AEC700F9D9BA /* UITextField+JFBaseExtension.m */,
				84BC980D1FC7AEC700F9D9BA /* UITableViewCell+JFBaseExtension.h */,
				84BC98061FC7AEC700F9D9BA /* UITableViewCell+JFBaseExtension.m */,
				84BC98051FC7AEC700F9D9BA /* UITableView+JFBaseExtension.h */,
				84BC980E1FC7AEC700F9D9BA /* UITableView+JFBaseExtension.m */,
				84BC98091FC7AEC700F9D9BA /* UICollectionView+JFBaseExtension.h */,
				84BC98141FC7AEC700F9D9BA /* UICollectionView+JFBaseExtension.m */,
				84BC98081FC7AEC700F9D9BA /* UICollectionViewCell+JFBaseExtension.h */,
				84BC98131FC7AEC700F9D9BA /* UICollectionViewCell+JFBaseExtension.m */,
			);
			path = JFUIExtensionBase;
			sourceTree = "<group>";
		};
		84BC98151FC7AEC700F9D9BA /* JFUIExtensionCore */ = {
			isa = PBXGroup;
			children = (
				84BC98161FC7AEC700F9D9BA /* UILabel */,
				84BC981A1FC7AEC700F9D9BA /* UIButton */,
				84BC981E1FC7AEC700F9D9BA /* UIView */,
				84BC98221FC7AEC700F9D9BA /* UICollectionView */,
				84BC982E1FC7AEC700F9D9BA /* UIImageView */,
				84BC98321FC7AEC700F9D9BA /* UITableView */,
				84BC983A1FC7AEC700F9D9BA /* UITextField */,
			);
			path = JFUIExtensionCore;
			sourceTree = "<group>";
		};
		84BC98161FC7AEC700F9D9BA /* UILabel */ = {
			isa = PBXGroup;
			children = (
				84BC98181FC7AEC700F9D9BA /* JFUILabelExtension.h */,
				84BC98191FC7AEC700F9D9BA /* UILabel+JFExtension.h */,
				84BC98171FC7AEC700F9D9BA /* UILabel+JFExtension.m */,
			);
			path = UILabel;
			sourceTree = "<group>";
		};
		84BC981A1FC7AEC700F9D9BA /* UIButton */ = {
			isa = PBXGroup;
			children = (
				84BC981D1FC7AEC700F9D9BA /* JFUIButtonExtension.h */,
				84BC981C1FC7AEC700F9D9BA /* UIButton+JFExtension.h */,
				84BC981B1FC7AEC700F9D9BA /* UIButton+JFExtension.m */,
			);
			path = UIButton;
			sourceTree = "<group>";
		};
		84BC981E1FC7AEC700F9D9BA /* UIView */ = {
			isa = PBXGroup;
			children = (
				84BC98211FC7AEC700F9D9BA /* JFUIViewExtension.h */,
				84BC981F1FC7AEC700F9D9BA /* UIView+JFExtension.h */,
				84BC98201FC7AEC700F9D9BA /* UIView+JFExtension.m */,
			);
			path = UIView;
			sourceTree = "<group>";
		};
		84BC98221FC7AEC700F9D9BA /* UICollectionView */ = {
			isa = PBXGroup;
			children = (
				84BC982D1FC7AEC700F9D9BA /* JFUICollectionViewExtension.h */,
				84BC98231FC7AEC700F9D9BA /* UICollectionView+JFExtension.h */,
				84BC982C1FC7AEC700F9D9BA /* UICollectionView+JFExtension.m */,
				84BC98241FC7AEC700F9D9BA /* UICollectionViewCell */,
				84BC98281FC7AEC700F9D9BA /* UICollectionViewFlowLayout */,
			);
			path = UICollectionView;
			sourceTree = "<group>";
		};
		84BC98241FC7AEC700F9D9BA /* UICollectionViewCell */ = {
			isa = PBXGroup;
			children = (
				84BC98261FC7AEC700F9D9BA /* JFUICollectionViewCellExtension.h */,
				84BC98251FC7AEC700F9D9BA /* UICollectionViewCell+JFExtension.h */,
				84BC98271FC7AEC700F9D9BA /* UICollectionViewCell+JFExtension.m */,
			);
			path = UICollectionViewCell;
			sourceTree = "<group>";
		};
		84BC98281FC7AEC700F9D9BA /* UICollectionViewFlowLayout */ = {
			isa = PBXGroup;
			children = (
				84BC982A1FC7AEC700F9D9BA /* JFUICollectionViewFlowLayoutExtension.h */,
				84BC98291FC7AEC700F9D9BA /* UICollectionViewFlowLayout+JFExtension.h */,
				84BC982B1FC7AEC700F9D9BA /* UICollectionViewFlowLayout+JFExtension.m */,
			);
			path = UICollectionViewFlowLayout;
			sourceTree = "<group>";
		};
		84BC982E1FC7AEC700F9D9BA /* UIImageView */ = {
			isa = PBXGroup;
			children = (
				84BC982F1FC7AEC700F9D9BA /* JFUIImageViewExtension.h */,
				84BC98301FC7AEC700F9D9BA /* UIImageView+JFExtension.h */,
				84BC98311FC7AEC700F9D9BA /* UIImageView+JFExtension.m */,
			);
			path = UIImageView;
			sourceTree = "<group>";
		};
		84BC98321FC7AEC700F9D9BA /* UITableView */ = {
			isa = PBXGroup;
			children = (
				84BC98371FC7AEC700F9D9BA /* JFUITableViewExtension.h */,
				84BC98391FC7AEC700F9D9BA /* UITableView+JFExtension.h */,
				84BC98381FC7AEC700F9D9BA /* UITableView+JFExtension.m */,
				84BC98331FC7AEC700F9D9BA /* UITableViewCell */,
			);
			path = UITableView;
			sourceTree = "<group>";
		};
		84BC98331FC7AEC700F9D9BA /* UITableViewCell */ = {
			isa = PBXGroup;
			children = (
				84BC98351FC7AEC700F9D9BA /* JFUITableViewCellExtension.h */,
				84BC98341FC7AEC700F9D9BA /* UITableViewCell+JFExtension.h */,
				84BC98361FC7AEC700F9D9BA /* UITableViewCell+JFExtension.m */,
			);
			path = UITableViewCell;
			sourceTree = "<group>";
		};
		84BC983A1FC7AEC700F9D9BA /* UITextField */ = {
			isa = PBXGroup;
			children = (
				84BC983D1FC7AEC700F9D9BA /* JFUITextFieldExtension.h */,
				84BC983B1FC7AEC700F9D9BA /* UITextField+JFExtension.h */,
				84BC983C1FC7AEC700F9D9BA /* UITextField+JFExtension.m */,
			);
			path = UITextField;
			sourceTree = "<group>";
		};
		84BC983E1FC7AEC700F9D9BA /* JFUIExtensionProxy */ = {
			isa = PBXGroup;
			children = (
				84BC98491FC7AEC700F9D9BA /* JFBaseProxy.h */,
				84BC984B1FC7AEC700F9D9BA /* JFBaseProxy.m */,
				84BC98481FC7AEC700F9D9BA /* JFTextFieldProxy.h */,
				84BC984C1FC7AEC700F9D9BA /* JFTextFieldProxy.m */,
				84BC983F1FC7AEC700F9D9BA /* JFTableViewProxy.h */,
				84BC984A1FC7AEC700F9D9BA /* JFTableViewProxy.m */,
				84BC98401FC7AEC700F9D9BA /* JFCollectionViewProxy.h */,
				84BC984D1FC7AEC700F9D9BA /* JFCollectionViewProxy.m */,
				84BC98411FC7AEC700F9D9BA /* JFRuntimeProxyTools */,
			);
			path = JFUIExtensionProxy;
			sourceTree = "<group>";
		};
		84BC98411FC7AEC700F9D9BA /* JFRuntimeProxyTools */ = {
			isa = PBXGroup;
			children = (
				84BC98461FC7AEC700F9D9BA /* JFBlockInvocation.h */,
				84BC98421FC7AEC700F9D9BA /* JFBlockInvocation.m */,
				84BC98471FC7AEC700F9D9BA /* JFMethod.h */,
				84BC98441FC7AEC700F9D9BA /* JFMethod.m */,
				84BC98431FC7AEC700F9D9BA /* JFRuntimeClassTool.h */,
				84BC98451FC7AEC700F9D9BA /* JFRuntimeClassTool.m */,
			);
			path = JFRuntimeProxyTools;
			sourceTree = "<group>";
		};
/* End PBXGroup section */

/* Begin PBXNativeTarget section */
		845A58031FC6CF8500E1FBBB /* JFUIExtensionDemo */ = {
			isa = PBXNativeTarget;
			buildConfigurationList = 845A581A1FC6CF8600E1FBBB /* Build configuration list for PBXNativeTarget "JFUIExtensionDemo" */;
			buildPhases = (
				845A58001FC6CF8500E1FBBB /* Sources */,
				845A58011FC6CF8500E1FBBB /* Frameworks */,
				845A58021FC6CF8500E1FBBB /* Resources */,
			);
			buildRules = (
			);
			dependencies = (
			);
			name = JFUIExtensionDemo;
			productName = JFUIExtensionDemo;
			productReference = 845A58041FC6CF8500E1FBBB /* JFUIExtensionDemo.app */;
			productType = "com.apple.product-type.application";
		};
/* End PBXNativeTarget section */

/* Begin PBXProject section */
		845A57FC1FC6CF8500E1FBBB /* Project object */ = {
			isa = PBXProject;
			attributes = {
				LastUpgradeCheck = 0900;
				ORGANIZATIONNAME = "The Answer";
				TargetAttributes = {
					845A58031FC6CF8500E1FBBB = {
						CreatedOnToolsVersion = 9.0;
						ProvisioningStyle = Automatic;
					};
				};
			};
			buildConfigurationList = 845A57FF1FC6CF8500E1FBBB /* Build configuration list for PBXProject "JFUIExtensionDemo" */;
			compatibilityVersion = "Xcode 8.0";
			developmentRegion = en;
			hasScannedForEncodings = 0;
			knownRegions = (
				en,
				Base,
			);
			mainGroup = 845A57FB1FC6CF8500E1FBBB;
			productRefGroup = 845A58051FC6CF8500E1FBBB /* Products */;
			projectDirPath = "";
			projectRoot = "";
			targets = (
				845A58031FC6CF8500E1FBBB /* JFUIExtensionDemo */,
			);
		};
/* End PBXProject section */

/* Begin PBXResourcesBuildPhase section */
		845A58021FC6CF8500E1FBBB /* Resources */ = {
			isa = PBXResourcesBuildPhase;
			buildActionMask = 2147483647;
			files = (
				845A58141FC6CF8600E1FBBB /* LaunchScreen.storyboard in Resources */,
				845A58111FC6CF8600E1FBBB /* Assets.xcassets in Resources */,
				845A580F1FC6CF8600E1FBBB /* Main.storyboard in Resources */,
			);
			runOnlyForDeploymentPostprocessing = 0;
		};
/* End PBXResourcesBuildPhase section */

/* Begin PBXSourcesBuildPhase section */
		845A58001FC6CF8500E1FBBB /* Sources */ = {
			isa = PBXSourcesBuildPhase;
			buildActionMask = 2147483647;
			files = (
				84BC984E1FC7AF2800F9D9BA /* UIImage+JFExtension.m in Sources */,
				84BC984F1FC7AF2800F9D9BA /* UIColor+JFExtension.m in Sources */,
				84BC98501FC7AF2800F9D9BA /* UIFont+JFExtension.m in Sources */,
				84BC98511FC7AF2800F9D9BA /* UITableViewCell+JFBaseExtension.m in Sources */,
				84BC98521FC7AF2800F9D9BA /* UIImageView+JFBaseExtension.m in Sources */,
				84BC98531FC7AF2800F9D9BA /* UILabel+JFBaseExtension.m in Sources */,
				84BC98541FC7AF2800F9D9BA /* UITableView+JFBaseExtension.m in Sources */,
				84BC98551FC7AF2800F9D9BA /* UITextField+JFBaseExtension.m in Sources */,
				84BC98561FC7AF2800F9D9BA /* UIButton+JFBaseExtension.m in Sources */,
				84BC98571FC7AF2800F9D9BA /* UICollectionViewCell+JFBaseExtension.m in Sources */,
				84BC98581FC7AF2800F9D9BA /* UICollectionView+JFBaseExtension.m in Sources */,
				84BC98591FC7AF2800F9D9BA /* UILabel+JFExtension.m in Sources */,
				84BC985A1FC7AF2800F9D9BA /* UIButton+JFExtension.m in Sources */,
				84BC985B1FC7AF2800F9D9BA /* UIView+JFExtension.m in Sources */,
				84BC985C1FC7AF2800F9D9BA /* UICollectionViewCell+JFExtension.m in Sources */,
				84BC985D1FC7AF2800F9D9BA /* UICollectionViewFlowLayout+JFExtension.m in Sources */,
				84BC985E1FC7AF2800F9D9BA /* UICollectionView+JFExtension.m in Sources */,
				84BC985F1FC7AF2800F9D9BA /* UIImageView+JFExtension.m in Sources */,
				84BC98601FC7AF2800F9D9BA /* UITableViewCell+JFExtension.m in Sources */,
				84BC98611FC7AF2800F9D9BA /* UITableView+JFExtension.m in Sources */,
				84BC98621FC7AF2800F9D9BA /* UITextField+JFExtension.m in Sources */,
				84BC98631FC7AF2800F9D9BA /* JFBlockInvocation.m in Sources */,
				84BC98641FC7AF2800F9D9BA /* JFMethod.m in Sources */,
				84BC98651FC7AF2800F9D9BA /* JFRuntimeClassTool.m in Sources */,
				84BC98661FC7AF2800F9D9BA /* JFTableViewProxy.m in Sources */,
				84BC98671FC7AF2800F9D9BA /* JFBaseProxy.m in Sources */,
				84BC98681FC7AF2800F9D9BA /* JFTextFieldProxy.m in Sources */,
				84BC98691FC7AF2800F9D9BA /* JFCollectionViewProxy.m in Sources */,
				84DA986C1FC6D3BE00E68D87 /* UIImageViewDemo.m in Sources */,
				84DA986D1FC6D3BE00E68D87 /* UITextFieldDemo.m in Sources */,
				84DA986E1FC6D3BE00E68D87 /* UILabelDemo.m in Sources */,
				84DA986F1FC6D3BE00E68D87 /* UIViewDemo.m in Sources */,
				84DA98701FC6D3BE00E68D87 /* UIButtonDemo.m in Sources */,
				84DA98711FC6D3BE00E68D87 /* UITableViewDemo.m in Sources */,
				84DA98721FC6D3BE00E68D87 /* UITableViewCellModel.m in Sources */,
				84DA98731FC6D3BE00E68D87 /* UITableViewDemoCell.m in Sources */,
				84DA98741FC6D3BE00E68D87 /* UICollectionViewDemo.m in Sources */,
				84DA98751FC6D3BE00E68D87 /* UICollectionViewDemoHeaderView.m in Sources */,
				84DA98761FC6D3BE00E68D87 /* UICollectionViewDemoCell.m in Sources */,
				845A580C1FC6CF8600E1FBBB /* ViewController.m in Sources */,
				845A58171FC6CF8600E1FBBB /* main.m in Sources */,
				845A58091FC6CF8500E1FBBB /* AppDelegate.m in Sources */,
			);
			runOnlyForDeploymentPostprocessing = 0;
		};
/* End PBXSourcesBuildPhase section */

/* Begin PBXVariantGroup section */
		845A580D1FC6CF8600E1FBBB /* Main.storyboard */ = {
			isa = PBXVariantGroup;
			children = (
				845A580E1FC6CF8600E1FBBB /* Base */,
			);
			name = Main.storyboard;
			sourceTree = "<group>";
		};
		845A58121FC6CF8600E1FBBB /* LaunchScreen.storyboard */ = {
			isa = PBXVariantGroup;
			children = (
				845A58131FC6CF8600E1FBBB /* Base */,
			);
			name = LaunchScreen.storyboard;
			sourceTree = "<group>";
		};
/* End PBXVariantGroup section */

/* Begin XCBuildConfiguration section */
		845A58181FC6CF8600E1FBBB /* Debug */ = {
			isa = XCBuildConfiguration;
			buildSettings = {
				ALWAYS_SEARCH_USER_PATHS = NO;
				CLANG_ANALYZER_NONNULL = YES;
				CLANG_ANALYZER_NUMBER_OBJECT_CONVERSION = YES_AGGRESSIVE;
				CLANG_CXX_LANGUAGE_STANDARD = "gnu++14";
				CLANG_CXX_LIBRARY = "libc++";
				CLANG_ENABLE_MODULES = YES;
				CLANG_ENABLE_OBJC_ARC = YES;
				CLANG_WARN_BLOCK_CAPTURE_AUTORELEASING = YES;
				CLANG_WARN_BOOL_CONVERSION = YES;
				CLANG_WARN_COMMA = YES;
				CLANG_WARN_CONSTANT_CONVERSION = YES;
				CLANG_WARN_DIRECT_OBJC_ISA_USAGE = YES_ERROR;
				CLANG_WARN_DOCUMENTATION_COMMENTS = YES;
				CLANG_WARN_EMPTY_BODY = YES;
				CLANG_WARN_ENUM_CONVERSION = YES;
				CLANG_WARN_INFINITE_RECURSION = YES;
				CLANG_WARN_INT_CONVERSION = YES;
				CLANG_WARN_NON_LITERAL_NULL_CONVERSION = YES;
				CLANG_WARN_OBJC_LITERAL_CONVERSION = YES;
				CLANG_WARN_OBJC_ROOT_CLASS = YES_ERROR;
				CLANG_WARN_RANGE_LOOP_ANALYSIS = YES;
				CLANG_WARN_STRICT_PROTOTYPES = YES;
				CLANG_WARN_SUSPICIOUS_MOVE = YES;
				CLANG_WARN_UNGUARDED_AVAILABILITY = YES_AGGRESSIVE;
				CLANG_WARN_UNREACHABLE_CODE = YES;
				CLANG_WARN__DUPLICATE_METHOD_MATCH = YES;
				CODE_SIGN_IDENTITY = "iPhone Developer";
				COPY_PHASE_STRIP = NO;
				DEBUG_INFORMATION_FORMAT = dwarf;
				ENABLE_STRICT_OBJC_MSGSEND = YES;
				ENABLE_TESTABILITY = YES;
				GCC_C_LANGUAGE_STANDARD = gnu11;
				GCC_DYNAMIC_NO_PIC = NO;
				GCC_NO_COMMON_BLOCKS = YES;
				GCC_OPTIMIZATION_LEVEL = 0;
				GCC_PREPROCESSOR_DEFINITIONS = (
					"DEBUG=1",
					"$(inherited)",
				);
				GCC_WARN_64_TO_32_BIT_CONVERSION = YES;
				GCC_WARN_ABOUT_RETURN_TYPE = YES_ERROR;
				GCC_WARN_UNDECLARED_SELECTOR = YES;
				GCC_WARN_UNINITIALIZED_AUTOS = YES_AGGRESSIVE;
				GCC_WARN_UNUSED_FUNCTION = YES;
				GCC_WARN_UNUSED_VARIABLE = YES;
				IPHONEOS_DEPLOYMENT_TARGET = 11.0;
				MTL_ENABLE_DEBUG_INFO = YES;
				ONLY_ACTIVE_ARCH = YES;
				SDKROOT = iphoneos;
			};
			name = Debug;
		};
		845A58191FC6CF8600E1FBBB /* Release */ = {
			isa = XCBuildConfiguration;
			buildSettings = {
				ALWAYS_SEARCH_USER_PATHS = NO;
				CLANG_ANALYZER_NONNULL = YES;
				CLANG_ANALYZER_NUMBER_OBJECT_CONVERSION = YES_AGGRESSIVE;
				CLANG_CXX_LANGUAGE_STANDARD = "gnu++14";
				CLANG_CXX_LIBRARY = "libc++";
				CLANG_ENABLE_MODULES = YES;
				CLANG_ENABLE_OBJC_ARC = YES;
				CLANG_WARN_BLOCK_CAPTURE_AUTORELEASING = YES;
				CLANG_WARN_BOOL_CONVERSION = YES;
				CLANG_WARN_COMMA = YES;
				CLANG_WARN_CONSTANT_CONVERSION = YES;
				CLANG_WARN_DIRECT_OBJC_ISA_USAGE = YES_ERROR;
				CLANG_WARN_DOCUMENTATION_COMMENTS = YES;
				CLANG_WARN_EMPTY_BODY = YES;
				CLANG_WARN_ENUM_CONVERSION = YES;
				CLANG_WARN_INFINITE_RECURSION = YES;
				CLANG_WARN_INT_CONVERSION = YES;
				CLANG_WARN_NON_LITERAL_NULL_CONVERSION = YES;
				CLANG_WARN_OBJC_LITERAL_CONVERSION = YES;
				CLANG_WARN_OBJC_ROOT_CLASS = YES_ERROR;
				CLANG_WARN_RANGE_LOOP_ANALYSIS = YES;
				CLANG_WARN_STRICT_PROTOTYPES = YES;
				CLANG_WARN_SUSPICIOUS_MOVE = YES;
				CLANG_WARN_UNGUARDED_AVAILABILITY = YES_AGGRESSIVE;
				CLANG_WARN_UNREACHABLE_CODE = YES;
				CLANG_WARN__DUPLICATE_METHOD_MATCH = YES;
				CODE_SIGN_IDENTITY = "iPhone Developer";
				COPY_PHASE_STRIP = NO;
				DEBUG_INFORMATION_FORMAT = "dwarf-with-dsym";
				ENABLE_NS_ASSERTIONS = NO;
				ENABLE_STRICT_OBJC_MSGSEND = YES;
				GCC_C_LANGUAGE_STANDARD = gnu11;
				GCC_NO_COMMON_BLOCKS = YES;
				GCC_WARN_64_TO_32_BIT_CONVERSION = YES;
				GCC_WARN_ABOUT_RETURN_TYPE = YES_ERROR;
				GCC_WARN_UNDECLARED_SELECTOR = YES;
				GCC_WARN_UNINITIALIZED_AUTOS = YES_AGGRESSIVE;
				GCC_WARN_UNUSED_FUNCTION = YES;
				GCC_WARN_UNUSED_VARIABLE = YES;
				IPHONEOS_DEPLOYMENT_TARGET = 11.0;
				MTL_ENABLE_DEBUG_INFO = NO;
				SDKROOT = iphoneos;
				VALIDATE_PRODUCT = YES;
			};
			name = Release;
		};
		845A581B1FC6CF8600E1FBBB /* Debug */ = {
			isa = XCBuildConfiguration;
			buildSettings = {
				ASSETCATALOG_COMPILER_APPICON_NAME = AppIcon;
				CODE_SIGN_STYLE = Automatic;
				INFOPLIST_FILE = JFUIExtensionDemo/Info.plist;
				LD_RUNPATH_SEARCH_PATHS = "$(inherited) @executable_path/Frameworks";
				PRODUCT_BUNDLE_IDENTIFIER = "The-Answer.JFUIExtensionDemo";
				PRODUCT_NAME = "$(TARGET_NAME)";
				TARGETED_DEVICE_FAMILY = "1,2";
			};
			name = Debug;
		};
		845A581C1FC6CF8600E1FBBB /* Release */ = {
			isa = XCBuildConfiguration;
			buildSettings = {
				ASSETCATALOG_COMPILER_APPICON_NAME = AppIcon;
				CODE_SIGN_STYLE = Automatic;
				INFOPLIST_FILE = JFUIExtensionDemo/Info.plist;
				LD_RUNPATH_SEARCH_PATHS = "$(inherited) @executable_path/Frameworks";
				PRODUCT_BUNDLE_IDENTIFIER = "The-Answer.JFUIExtensionDemo";
				PRODUCT_NAME = "$(TARGET_NAME)";
				TARGETED_DEVICE_FAMILY = "1,2";
			};
			name = Release;
		};
/* End XCBuildConfiguration section */

/* Begin XCConfigurationList section */
		845A57FF1FC6CF8500E1FBBB /* Build configuration list for PBXProject "JFUIExtensionDemo" */ = {
			isa = XCConfigurationList;
			buildConfigurations = (
				845A58181FC6CF8600E1FBBB /* Debug */,
				845A58191FC6CF8600E1FBBB /* Release */,
			);
			defaultConfigurationIsVisible = 0;
			defaultConfigurationName = Release;
		};
		845A581A1FC6CF8600E1FBBB /* Build configuration list for PBXNativeTarget "JFUIExtensionDemo" */ = {
			isa = XCConfigurationList;
			buildConfigurations = (
				845A581B1FC6CF8600E1FBBB /* Debug */,
				845A581C1FC6CF8600E1FBBB /* Release */,
			);
			defaultConfigurationIsVisible = 0;
			defaultConfigurationName = Release;
		};
/* End XCConfigurationList section */
	};
	rootObject = 845A57FC1FC6CF8500E1FBBB /* Project object */;
}
